
Microsoft Visual Studio Solution File, Format Version 12.00
# Visual Studio Version 17
VisualStudioVersion = 17.5.33516.290
MinimumVisualStudioVersion = 10.0.40219.1
Project("{FAE04EC0-301F-11D3-BF4B-00C04F79EFBC}") = "Web", "AvisFormation\Web.csproj", "{E5C9A930-DF3F-4C18-9ABD-F399A6EB6751}"
EndProject
Project("{FAE04EC0-301F-11D3-BF4B-00C04F79EFBC}") = "Infrastructure", "Infrastructure\Infrastructure.csproj", "{ADBB094A-4A27-4C3C-93F3-345653F8DF38}"
EndProject
Project("{FAE04EC0-301F-11D3-BF4B-00C04F79EFBC}") = "Core", "Core\Core.csproj", "{B07C548F-4063-439F-995D-23CBF2650834}"
EndProject
Project("{2150E333-8FDC-42A3-9474-1A3956D46DE8}") = "Solution Items", "Solution Items", "{EA5F2742-43EC-4F16-83CD-F11D7567F424}"
	ProjectSection(SolutionItems) = preProject
		.editorconfig = .editorconfig
	EndProjectSection
EndProject
Global
	GlobalSection(SolutionConfigurationPlatforms) = preSolution
		Debug|Any CPU = Debug|Any CPU
		Release|Any CPU = Release|Any CPU
	EndGlobalSection
	GlobalSection(ProjectConfigurationPlatforms) = postSolution
		{E5C9A930-DF3F-4C18-9ABD-F399A6EB6751}.Debug|Any CPU.ActiveCfg = Debug|Any CPU
		{E5C9A930-DF3F-4C18-9ABD-F399A6EB6751}.Debug|Any CPU.Build.0 = Debug|Any CPU
		{E5C9A930-DF3F-4C18-9ABD-F399A6EB6751}.Release|Any CPU.ActiveCfg = Release|Any CPU
		{E5C9A930-DF3F-4C18-9ABD-F399A6EB6751}.Release|Any CPU.Build.0 = Release|Any CPU
		{ADBB094A-4A27-4C3C-93F3-345653F8DF38}.Debug|Any CPU.ActiveCfg = Debug|Any CPU
		{ADBB094A-4A27-4C3C-93F3-345653F8DF38}.Debug|Any CPU.Build.0 = Debug|Any CPU
		{ADBB094A-4A27-4C3C-93F3-345653F8DF38}.Release|Any CPU.ActiveCfg = Release|Any CPU
		{ADBB094A-4A27-4C3C-93F3-345653F8DF38}.Release|Any CPU.Build.0 = Release|Any CPU
		{B07C548F-4063-439F-995D-23CBF2650834}.Debug|Any CPU.ActiveCfg = Debug|Any CPU
		{B07C548F-4063-439F-995D-23CBF2650834}.Debug|Any CPU.Build.0 = Debug|Any CPU
		{B07C548F-4063-439F-995D-23CBF2650834}.Release|Any CPU.ActiveCfg = Release|Any CPU
		{B07C548F-4063-439F-995D-23CBF2650834}.Release|Any CPU.Build.0 = Release|Any CPU
	EndGlobalSection
	GlobalSection(SolutionProperties) = preSolution
		HideSolutionNode = FALSE
	EndGlobalSection
	GlobalSection(ExtensibilityGlobals) = postSolution
		SolutionGuid = {853DE98B-9A74-4B1C-AB60-CD548DD7CADA}
	EndGlobalSection
EndGlobal
